
Microsoft Visual Studio Solution File, Format Version 12.00
# Visual Studio 15
VisualStudioVersion = 15.0.27130.2010
MinimumVisualStudioVersion = 10.0.40219.1
Project("{F184B08F-C81C-45F6-A57F-5ABD9991F28F}") = "Juego numero", "Juego numero\Juego numero.vbproj", "{0EBB040D-A571-4C0F-AFBE-0FBFF5692FCC}"
EndProject
Global
	GlobalSection(SolutionConfigurationPlatforms) = preSolution
		Debug|Any CPU = Debug|Any CPU
		Release|Any CPU = Release|Any CPU
	EndGlobalSection
	GlobalSection(ProjectConfigurationPlatforms) = postSolution
		{0EBB040D-A571-4C0F-AFBE-0FBFF5692FCC}.Debug|Any CPU.ActiveCfg = Debug|Any CPU
		{0EBB040D-A571-4C0F-AFBE-0FBFF5692FCC}.Debug|Any CPU.Build.0 = Debug|Any CPU
		{0EBB040D-A571-4C0F-AFBE-0FBFF5692FCC}.Release|Any CPU.ActiveCfg = Release|Any CPU
		{0EBB040D-A571-4C0F-AFBE-0FBFF5692FCC}.Release|Any CPU.Build.0 = Release|Any CPU
	EndGlobalSection
	GlobalSection(SolutionProperties) = preSolution
		HideSolutionNode = FALSE
	EndGlobalSection
	GlobalSection(ExtensibilityGlobals) = postSolution
		SolutionGuid = {0E78E810-0DF6-4931-AD4E-6CCC2326C2D6}
	EndGlobalSection
EndGlobal
